{
  "name": "@kamila-lab/react-uikit",
  "version": "0.0.1",
  "lockfileVersion": 1,
  "requires": true,
  "dependencies": {
    "uikit": {
      "version": "3.1.9",
      "resolved": "https://registry.npmjs.org/uikit/-/uikit-3.1.9.tgz",
      "integrity": "sha512-19qbcR1rMX9zT61KZJ2fafJ0se0qBa/p9bXPznPw59ZUjcRB9fCPHX82X6IO+RkcMlN6OupX09l9OFttYuMptw=="
    }
  }
}
